# THIS IS AN AUTOGENERATED FILE. DO NOT EDIT THIS FILE DIRECTLY.
# yarn lockfile v1


"@emailjs/browser@^3.11.0":
  version "3.11.0"
  resolved "https://registry.yarnpkg.com/@emailjs/browser/-/browser-3.11.0.tgz#0e78de2f85096d1a9ad5b5977b060bb5d1784cb4"
  integrity sha512-RkY3FKZ3fPdK++OeF46mRTFpmmQWCHUVHZH209P3NE4D5sg2Atg7S2wa3gw5062Gl4clt4Wn5SyC4WhlVZC5pA==
